PODS:
  - camera_avfoundation (0.0.1):
    - Flutter
  - connectivity_plus (0.0.1):
    - Flutter
  - Firebase/Auth (11.15.0):
    - Firebase/CoreOnly
    - FirebaseAuth (~> 11.15.0)
  - Firebase/CoreOnly (11.15.0):
    - FirebaseCore (~> 11.15.0)
  - firebase_auth (5.7.0):
    - Firebase/Auth (= 11.15.0)
    - firebase_core
    - Flutter
  - firebase_core (3.15.2):
    - Firebase/CoreOnly (= 11.15.0)
    - Flutter
  - FirebaseAppCheckInterop (11.15.0)
  - FirebaseAuth (11.15.0):
    - FirebaseAppCheckInterop (~> 11.0)
    - FirebaseAuthInterop (~> 11.0)
    - FirebaseCore (~> 11.15.0)
    - FirebaseCoreExtension (~> 11.15.0)
    - GoogleUtilities/AppDelegateSwizzler (~> 8.1)
    - GoogleUtilities/Environment (~> 8.1)
    - GTMSessionFetcher/Core (< 5.0, >= 3.4)
    - RecaptchaInterop (~> 101.0)
  - FirebaseAuthInterop (11.15.0)
  - FirebaseCore (11.15.0):
    - FirebaseCoreInternal (~> 11.15.0)
    - GoogleUtilities/Environment (~> 8.1)
    - GoogleUtilities/Logger (~> 8.1)
  - FirebaseCoreExtension (11.15.0):
    - FirebaseCore (~> 11.15.0)
  - FirebaseCoreInternal (11.15.0):
    - "GoogleUtilities/NSData+zlib (~> 8.1)"
  - Flutter (1.0.0)
  - geolocator_apple (1.2.0):
    - Flutter
    - FlutterMacOS
  - Google-Maps-iOS-Utils (5.0.0):
    - GoogleMaps (~> 8.0)
  - google_maps_flutter_ios (0.0.1):
    - Flutter
    - Google-Maps-iOS-Utils (< 7.0, >= 5.0)
    - GoogleMaps (< 11.0, >= 8.4)
  - GoogleMaps (8.4.0):
    - GoogleMaps/Maps (= 8.4.0)
  - GoogleMaps/Base (8.4.0)
  - GoogleMaps/Maps (8.4.0):
    - GoogleMaps/Base
  - GoogleUtilities/AppDelegateSwizzler (8.1.0):
    - GoogleUtilities/Environment
    - GoogleUtilities/Logger
    - GoogleUtilities/Network
    - GoogleUtilities/Privacy
  - GoogleUtilities/Environment (8.1.0):
    - GoogleUtilities/Privacy
  - GoogleUtilities/Logger (8.1.0):
    - GoogleUtilities/Environment
    - GoogleUtilities/Privacy
  - GoogleUtilities/Network (8.1.0):
    - GoogleUtilities/Logger
    - "GoogleUtilities/NSData+zlib"
    - GoogleUtilities/Privacy
    - GoogleUtilities/Reachability
  - "GoogleUtilities/NSData+zlib (8.1.0)":
    - GoogleUtilities/Privacy
  - GoogleUtilities/Privacy (8.1.0)
  - GoogleUtilities/Reachability (8.1.0):
    - GoogleUtilities/Logger
    - GoogleUtilities/Privacy
  - GTMSessionFetcher/Core (4.5.0)
  - image_picker_ios (0.0.1):
    - Flutter
  - permission_handler_apple (9.3.0):
    - Flutter
  - RecaptchaInterop (101.0.0)
  - shared_preferences_foundation (0.0.1):
    - Flutter
    - FlutterMacOS
  - sqflite_darwin (0.0.4):
    - Flutter
    - FlutterMacOS

DEPENDENCIES:
  - camera_avfoundation (from `.symlinks/plugins/camera_avfoundation/ios`)
  - connectivity_plus (from `.symlinks/plugins/connectivity_plus/ios`)
  - firebase_auth (from `.symlinks/plugins/firebase_auth/ios`)
  - firebase_core (from `.symlinks/plugins/firebase_core/ios`)
  - Flutter (from `Flutter`)
  - geolocator_apple (from `.symlinks/plugins/geolocator_apple/darwin`)
  - google_maps_flutter_ios (from `.symlinks/plugins/google_maps_flutter_ios/ios`)
  - image_picker_ios (from `.symlinks/plugins/image_picker_ios/ios`)
  - permission_handler_apple (from `.symlinks/plugins/permission_handler_apple/ios`)
  - shared_preferences_foundation (from `.symlinks/plugins/shared_preferences_foundation/darwin`)
  - sqflite_darwin (from `.symlinks/plugins/sqflite_darwin/darwin`)

SPEC REPOS:
  trunk:
    - Firebase
    - FirebaseAppCheckInterop
    - FirebaseAuth
    - FirebaseAuthInterop
    - FirebaseCore
    - FirebaseCoreExtension
    - FirebaseCoreInternal
    - Google-Maps-iOS-Utils
    - GoogleMaps
    - GoogleUtilities
    - GTMSessionFetcher
    - RecaptchaInterop

EXTERNAL SOURCES:
  camera_avfoundation:
    :path: ".symlinks/plugins/camera_avfoundation/ios"
  connectivity_plus:
    :path: ".symlinks/plugins/connectivity_plus/ios"
  firebase_auth:
    :path: ".symlinks/plugins/firebase_auth/ios"
  firebase_core:
    :path: ".symlinks/plugins/firebase_core/ios"
  Flutter:
    :path: Flutter
  geolocator_apple:
    :path: ".symlinks/plugins/geolocator_apple/darwin"
  google_maps_flutter_ios:
    :path: ".symlinks/plugins/google_maps_flutter_ios/ios"
  image_picker_ios:
    :path: ".symlinks/plugins/image_picker_ios/ios"
  permission_handler_apple:
    :path: ".symlinks/plugins/permission_handler_apple/ios"
  shared_preferences_foundation:
    :path: ".symlinks/plugins/shared_preferences_foundation/darwin"
  sqflite_darwin:
    :path: ".symlinks/plugins/sqflite_darwin/darwin"

SPEC CHECKSUMS:
  camera_avfoundation: 281867ff09f1da66f031a184ecfbc6f2e625c9f5
  connectivity_plus: 2a701ffec2c0ae28a48cf7540e279787e77c447d
  Firebase: d99ac19b909cd2c548339c2241ecd0d1599ab02e
  firebase_auth: 5342db41af2ba5ed32a6177d9e326eecbebda912
  firebase_core: 99a37263b3c27536063a7b601d9e2a49400a433c
  FirebaseAppCheckInterop: 06fe5a3799278ae4667e6c432edd86b1030fa3df
  FirebaseAuth: a6575e5fbf46b046c58dc211a28a5fbdd8d4c83b
  FirebaseAuthInterop: 7087d7a4ee4bc4de019b2d0c240974ed5d89e2fd
  FirebaseCore: efb3893e5b94f32b86e331e3bd6dadf18b66568e
  FirebaseCoreExtension: edbd30474b5ccf04e5f001470bdf6ea616af2435
  FirebaseCoreInternal: 9afa45b1159304c963da48addb78275ef701c6b4
  Flutter: cabc95a1d2626b1b06e7179b784ebcf0c0cde467
  geolocator_apple: 66b711889fd333205763b83c9dcf0a57a28c7afd
  Google-Maps-iOS-Utils: 66d6de12be1ce6d3742a54661e7a79cb317a9321
  google_maps_flutter_ios: 11687ec5d93f8e025e12daab0a5636fa9f71d53e
  GoogleMaps: 8939898920281c649150e0af74aa291c60f2e77d
  GoogleUtilities: 00c88b9a86066ef77f0da2fab05f65d7768ed8e1
  GTMSessionFetcher: fc75fc972958dceedee61cb662ae1da7a83a91cf
  image_picker_ios: 4f2f91b01abdb52842a8e277617df877e40f905b
  permission_handler_apple: 9878588469a2b0d0fc1e048d9f43605f92e6cec2
  RecaptchaInterop: 11e0b637842dfb48308d242afc3f448062325aba
  shared_preferences_foundation: 5086985c1d43c5ba4d5e69a4e8083a389e2909e6
  sqflite_darwin: 5a7236e3b501866c1c9befc6771dfd73ffb8702d

PODFILE CHECKSUM: 580a38833ae489484c21db475cd2687b03a984ae

COCOAPODS: 1.16.2
